ella.to/crypto v0.0.1 h1:g2FRF4SHpfGTOaSAU1s3HkrfIQ970VazECAzSqR6z4M=
ella.to/crypto v0.0.1/go.mod h1:SQpcIl+BfuWFjsibcYS5y0FhiOElD7ifmM5DlgaiQjI=
ella.to/hash v0.0.1 h1:9ng+1YXMhx5h+3346fAK/eTbN556bQPmlmLksHp7ajA=
ella.to/hash v0.0.1/go.mod h1:06R6SNPIe6tuoKNgsYsgTCEdXZqYumNtHI+JdviBaVw=
ella.to/immuta v0.1.0 h1:exN/1nvUIXdek2H/bHDIFEUIj8uRhyPTZzTR3YSDsrk=
ella.to/immuta v0.1.0/go.mod h1:pC5C7vGCF9QhTFCxc573rLonukC7jTwNmgVWSWyBeeY=
ella.to/solid v0.0.5 h1:iEyYAh2tDpCt/2DXf3h3UM2tRocqjLpJBPqUwaMekKo=
ella.to/solid v0.0.5/go.mod h1:xhHevRlMKUS90LvLKY2Rw6L+FAkxmTJawyT5BxqBl8M=
ella.to/sse v0.1.6 h1:z7S1ClallUT8roFdZMzNKwyVnaDMQk77S/a1Z74d1l8=
ella.to/sse v0.1.6/go.mod h1:KtOhMRF/qbSIB64YmrURiyQXr/Jg06/hJ0HLPzwu1+M=
ella.to/task v0.0.5 h1:IURW3b38cOgf+/n3eBdyTdSqBZRUVdF/RvO6k2XEAwA=
ella.to/task v0.0.5/go.mod h1:JW2NYqngeUmWczEaRq9WEj9E2QbXATuYELiC0/lWlCo=
github.com/davecgh/go-spew v1.1.1 h1:vj9j/u1bqnvCEfJOwUhtlOARqs3+rkHYY13jYWTU97c=
github.com/davecgh/go-spew v1.1.1/go.mod h1:J7Y8YcW2NihsgmVo/mv3lAwl/skON4iLHjSsI+c5H38=
github.com/pmezard/go-difflib v1.0.0 h1:4DBwDE0NGyQoBHbLQYPwSUPoCMWR5BEzIk/f1lZbAQM=
github.com/pmezard/go-difflib v1.0.0/go.mod h1:iKH77koFhYxTK1pcRnkKkqfTogsbg7gZNVY4sRDYZ/4=
github.com/rs/xid v1.6.0 h1:fV591PaemRlL6JfRxGDEPl69wICngIQ3shQtzfy2gxU=
github.com/rs/xid v1.6.0/go.mod h1:7XoLgs4eV+QndskICGsho+ADou8ySMSjJKDIan90Nz0=
github.com/stretchr/testify v1.11.1 h1:7s2iGBzp5EwR7/aIZr8ao5+dra3wiQyKjjFuvgVKu7U=
github.com/stretchr/testify v1.11.1/go.mod h1:wZwfW3scLgRK+23gO65QZefKpKQRnfz6sD981Nm4B6U=
github.com/urfave/cli/v3 v3.6.1 h1:j8Qq8NyUawj/7rTYdBGrxcH7A/j7/G8Q5LhWEW4G3Mo=
github.com/urfave/cli/v3 v3.6.1/go.mod h1:ysVLtOEmg2tOy6PknnYVhDoouyC/6N42TMeoMzskhso=
golang.org/x/crypto v0.45.0 h1:jMBrvKuj23MTlT0bQEOBcAE0mjg8mK9RXFhRH6nyF3Q=
golang.org/x/crypto v0.45.0/go.mod h1:XTGrrkGJve7CYK7J8PEww4aY7gM3qMCElcJQ8n8JdX4=
golang.org/x/sys v0.38.0 h1:3yZWxaJjBmCWXqhN1qh02AkOnCQ1poK6oF+a7xWL6Gc=
golang.org/x/sys v0.38.0/go.mod h1:OgkHotnGiDImocRcuBABYBEXf8A9a87e/uXjp9XT3ks=
gopkg.in/yaml.v3 v3.0.1 h1:fxVm/GzAzEWqLHuvctI91KS9hhNmmWOoWu0XTYJS7CA=
gopkg.in/yaml.v3 v3.0.1/go.mod h1:K4uyk7z7BCEPqu6E+C64Yfv1cQ7kz7rIZviUmN+EgEM=
