ella.to/immuta v0.0.6 h1:56CeSbrahrAtzGiVdg4niv/e6eCdB+nakbdHXtfUZCw=
ella.to/immuta v0.0.6/go.mod h1:H0IV61FVqSTNd9jto7s8DDDD0UYGeQJdsO1T+iv/VUY=
ella.to/solid v0.0.3 h1:8hLHNEZbMPiWA1J6Wiy/T6rSTpjjW0+6xrvlQAG8pes=
ella.to/solid v0.0.3/go.mod h1:0+qlRn4069za08wDegNAFUICaKAZCZHKUjav8UEZml0=
ella.to/sse v0.1.1 h1:prROZFpVq7nQwg4UtOS+Sph1TNRhyOXP+R8rpGVFxPA=
ella.to/sse v0.1.1/go.mod h1:KtOhMRF/qbSIB64YmrURiyQXr/Jg06/hJ0HLPzwu1+M=
ella.to/task v0.0.5 h1:IURW3b38cOgf+/n3eBdyTdSqBZRUVdF/RvO6k2XEAwA=
ella.to/task v0.0.5/go.mod h1:JW2NYqngeUmWczEaRq9WEj9E2QbXATuYELiC0/lWlCo=
github.com/cpuguy83/go-md2man/v2 v2.0.5 h1:ZtcqGrnekaHpVLArFSe4HK5DoKx1T0rq2DwVB0alcyc=
github.com/cpuguy83/go-md2man/v2 v2.0.5/go.mod h1:tgQtvFlXSQOSOSIRvRPT7W67SCa46tRHOmNcaadrF8o=
github.com/klauspost/compress v1.18.0 h1:c/Cqfb0r+Yi+JtIEq73FWXVkRonBlf0CRNYc8Zttxdo=
github.com/klauspost/compress v1.18.0/go.mod h1:2Pp+KzxcywXVXMr50+X0Q/Lsb43OQHYWRCY2AiWywWQ=
github.com/rs/xid v1.6.0 h1:fV591PaemRlL6JfRxGDEPl69wICngIQ3shQtzfy2gxU=
github.com/rs/xid v1.6.0/go.mod h1:7XoLgs4eV+QndskICGsho+ADou8ySMSjJKDIan90Nz0=
github.com/russross/blackfriday/v2 v2.1.0 h1:JIOH55/0cWyOuilr9/qlrm0BSXldqnqwMsf35Ld67mk=
github.com/russross/blackfriday/v2 v2.1.0/go.mod h1:+Rmxgy9KzJVeS9/2gXHxylqXiyQDYRxCVz55jmeOWTM=
github.com/urfave/cli/v2 v2.27.6 h1:VdRdS98FNhKZ8/Az8B7MTyGQmpIr36O1EHybx/LaZ4g=
github.com/urfave/cli/v2 v2.27.6/go.mod h1:3Sevf16NykTbInEnD0yKkjDAeZDS0A6bzhBH5hrMvTQ=
github.com/xrash/smetrics v0.0.0-20240521201337-686a1a2994c1 h1:gEOO8jv9F4OT7lGCjxCBTO/36wtF6j2nSip77qHd4x4=
github.com/xrash/smetrics v0.0.0-20240521201337-686a1a2994c1/go.mod h1:Ohn+xnUBiLI6FVj/9LpzZWtj1/D6lUovWYBkxHVV3aM=
